// !$*UTF8*$!
{
	archiveVersion = 1;
	classes = {
	};
	objectVersion = 50;
	objects = {

/* Begin PBXBuildFile section */
		4A374FAE2444012200CCFCCC /* YuppyTC-Regular.otf in Resources */ = {isa = PBXBuildFile; fileRef = 4A374FAD2444012200CCFCCC /* YuppyTC-Regular.otf */; };
		4A982B67244326F200B41B39 /* Music.swift in Sources */ = {isa = PBXBuildFile; fileRef = 4A982B66244326F200B41B39 /* Music.swift */; };
		4A982B692443279900B41B39 /* OST Itaewon Class (Full album Part1_13) 이태원 클라쓰 OST.mp3 in Resources */ = {isa = PBXBuildFile; fileRef = 4A982B682443279900B41B39 /* OST Itaewon Class (Full album Part1_13) 이태원 클라쓰 OST.mp3 */; };
		4ABEDECE24385BC2007555FA /* AppDelegate.swift in Sources */ = {isa = PBXBuildFile; fileRef = 4ABEDECD24385BC2007555FA /* AppDelegate.swift */; };
		4ABEDED024385BC2007555FA /* SceneDelegate.swift in Sources */ = {isa = PBXBuildFile; fileRef = 4ABEDECF24385BC2007555FA /* SceneDelegate.swift */; };
		4ABEDED224385BC2007555FA /* ContentView.swift in Sources */ = {isa = PBXBuildFile; fileRef = 4ABEDED124385BC2007555FA /* ContentView.swift */; };
		4ABEDED424385BC4007555FA /* Assets.xcassets in Resources */ = {isa = PBXBuildFile; fileRef = 4ABEDED324385BC4007555FA /* Assets.xcassets */; };
		4ABEDED724385BC4007555FA /* Preview Assets.xcassets in Resources */ = {isa = PBXBuildFile; fileRef = 4ABEDED624385BC4007555FA /* Preview Assets.xcassets */; };
		4ABEDEDA24385BC4007555FA /* LaunchScreen.storyboard in Resources */ = {isa = PBXBuildFile; fileRef = 4ABEDED824385BC4007555FA /* LaunchScreen.storyboard */; };
		4ABEDEE2243863CF007555FA /* CharacterView.swift in Sources */ = {isa = PBXBuildFile; fileRef = 4ABEDEE1243863CF007555FA /* CharacterView.swift */; };
		4ABEDEE4243865EE007555FA /* AppView.swift in Sources */ = {isa = PBXBuildFile; fileRef = 4ABEDEE3243865EE007555FA /* AppView.swift */; };
		4ABEDEE6243873FC007555FA /* struct.swift in Sources */ = {isa = PBXBuildFile; fileRef = 4ABEDEE5243873FC007555FA /* struct.swift */; };
		4ABEDEE824388185007555FA /* CharDetailView.swift in Sources */ = {isa = PBXBuildFile; fileRef = 4ABEDEE724388185007555FA /* CharDetailView.swift */; };
		4ABEDEEA2438CEB2007555FA /* CharacterRowView.swift in Sources */ = {isa = PBXBuildFile; fileRef = 4ABEDEE92438CEB2007555FA /* CharacterRowView.swift */; };
		4ABEDEEC243AC4B3007555FA /* EpisodeView.swift in Sources */ = {isa = PBXBuildFile; fileRef = 4ABEDEEB243AC4B3007555FA /* EpisodeView.swift */; };
		4ABEDEEE243AC4F8007555FA /* StillsWallView.swift in Sources */ = {isa = PBXBuildFile; fileRef = 4ABEDEED243AC4F8007555FA /* StillsWallView.swift */; };
		4ABEDEF0243AC9B2007555FA /* EpisodeRowView.swift in Sources */ = {isa = PBXBuildFile; fileRef = 4ABEDEEF243AC9B2007555FA /* EpisodeRowView.swift */; };
		4ABEDEF2243AC9EB007555FA /* EpisodeDetailView.swift in Sources */ = {isa = PBXBuildFile; fileRef = 4ABEDEF1243AC9EB007555FA /* EpisodeDetailView.swift */; };
/* End PBXBuildFile section */

/* Begin PBXFileReference section */
		4A374FAD2444012200CCFCCC /* YuppyTC-Regular.otf */ = {isa = PBXFileReference; lastKnownFileType = file; path = "YuppyTC-Regular.otf"; sourceTree = "<group>"; };
		4A50BB83243D80F500AEA798 /* IOS_work2.entitlements */ = {isa = PBXFileReference; lastKnownFileType = text.plist.entitlements; path = IOS_work2.entitlements; sourceTree = "<group>"; };
		4A982B66244326F200B41B39 /* Music.swift */ = {isa = PBXFileReference; lastKnownFileType = sourcecode.swift; path = Music.swift; sourceTree = "<group>"; };
		4A982B682443279900B41B39 /* OST Itaewon Class (Full album Part1_13) 이태원 클라쓰 OST.mp3 */ = {isa = PBXFileReference; lastKnownFileType = audio.mp3; path = "OST Itaewon Class (Full album Part1_13) 이태원 클라쓰 OST.mp3"; sourceTree = "<group>"; };
		4ABEDECA24385BC2007555FA /* ItaewonClass.app */ = {isa = PBXFileReference; explicitFileType = wrapper.application; includeInIndex = 0; path = ItaewonClass.app; sourceTree = BUILT_PRODUCTS_DIR; };
		4ABEDECD24385BC2007555FA /* AppDelegate.swift */ = {isa = PBXFileReference; lastKnownFileType = sourcecode.swift; path = AppDelegate.swift; sourceTree = "<group>"; };
		4ABEDECF24385BC2007555FA /* SceneDelegate.swift */ = {isa = PBXFileReference; lastKnownFileType = sourcecode.swift; path = SceneDelegate.swift; sourceTree = "<group>"; };
		4ABEDED124385BC2007555FA /* ContentView.swift */ = {isa = PBXFileReference; lastKnownFileType = sourcecode.swift; path = ContentView.swift; sourceTree = "<group>"; };
		4ABEDED324385BC4007555FA /* Assets.xcassets */ = {isa = PBXFileReference; lastKnownFileType = folder.assetcatalog; path = Assets.xcassets; sourceTree = "<group>"; };
		4ABEDED624385BC4007555FA /* Preview Assets.xcassets */ = {isa = PBXFileReference; lastKnownFileType = folder.assetcatalog; path = "Preview Assets.xcassets"; sourceTree = "<group>"; };
		4ABEDED924385BC4007555FA /* Base */ = {isa = PBXFileReference; lastKnownFileType = file.storyboard; name = Base; path = Base.lproj/LaunchScreen.storyboard; sourceTree = "<group>"; };
		4ABEDEDB24385BC4007555FA /* Info.plist */ = {isa = PBXFileReference; lastKnownFileType = text.plist.xml; path = Info.plist; sourceTree = "<group>"; };
		4ABEDEE1243863CF007555FA /* CharacterView.swift */ = {isa = PBXFileReference; lastKnownFileType = sourcecode.swift; path = CharacterView.swift; sourceTree = "<group>"; };
		4ABEDEE3243865EE007555FA /* AppView.swift */ = {isa = PBXFileReference; lastKnownFileType = sourcecode.swift; path = AppView.swift; sourceTree = "<group>"; };
		4ABEDEE5243873FC007555FA /* struct.swift */ = {isa = PBXFileReference; lastKnownFileType = sourcecode.swift; path = struct.swift; sourceTree = "<group>"; };
		4ABEDEE724388185007555FA /* CharDetailView.swift */ = {isa = PBXFileReference; lastKnownFileType = sourcecode.swift; path = CharDetailView.swift; sourceTree = "<group>"; };
		4ABEDEE92438CEB2007555FA /* CharacterRowView.swift */ = {isa = PBXFileReference; lastKnownFileType = sourcecode.swift; path = CharacterRowView.swift; sourceTree = "<group>"; };
		4ABEDEEB243AC4B3007555FA /* EpisodeView.swift */ = {isa = PBXFileReference; lastKnownFileType = sourcecode.swift; path = EpisodeView.swift; sourceTree = "<group>"; };
		4ABEDEED243AC4F8007555FA /* StillsWallView.swift */ = {isa = PBXFileReference; lastKnownFileType = sourcecode.swift; path = StillsWallView.swift; sourceTree = "<group>"; };
		4ABEDEEF243AC9B2007555FA /* EpisodeRowView.swift */ = {isa = PBXFileReference; lastKnownFileType = sourcecode.swift; path = EpisodeRowView.swift; sourceTree = "<group>"; };
		4ABEDEF1243AC9EB007555FA /* EpisodeDetailView.swift */ = {isa = PBXFileReference; lastKnownFileType = sourcecode.swift; path = EpisodeDetailView.swift; sourceTree = "<group>"; };
/* End PBXFileReference section */

/* Begin PBXFrameworksBuildPhase section */
		4ABEDEC724385BC2007555FA /* Frameworks */ = {
			isa = PBXFrameworksBuildPhase;
			buildActionMask = 2147483647;
			files = (
			);
			runOnlyForDeploymentPostprocessing = 0;
		};
/* End PBXFrameworksBuildPhase section */

/* Begin PBXGroup section */
		4ABEDEC124385BC2007555FA = {
			isa = PBXGroup;
			children = (
				4ABEDECC24385BC2007555FA /* IOS_work2 */,
				4ABEDECB24385BC2007555FA /* Products */,
			);
			sourceTree = "<group>";
		};
		4ABEDECB24385BC2007555FA /* Products */ = {
			isa = PBXGroup;
			children = (
				4ABEDECA24385BC2007555FA /* ItaewonClass.app */,
			);
			name = Products;
			sourceTree = "<group>";
		};
		4ABEDECC24385BC2007555FA /* IOS_work2 */ = {
			isa = PBXGroup;
			children = (
				4A50BB83243D80F500AEA798 /* IOS_work2.entitlements */,
				4ABEDECD24385BC2007555FA /* AppDelegate.swift */,
				4ABEDECF24385BC2007555FA /* SceneDelegate.swift */,
				4ABEDED124385BC2007555FA /* ContentView.swift */,
				4ABEDEE3243865EE007555FA /* AppView.swift */,
				4A374FAD2444012200CCFCCC /* YuppyTC-Regular.otf */,
				4ABEDEEB243AC4B3007555FA /* EpisodeView.swift */,
				4ABEDEED243AC4F8007555FA /* StillsWallView.swift */,
				4A982B682443279900B41B39 /* OST Itaewon Class (Full album Part1_13) 이태원 클라쓰 OST.mp3 */,
				4ABEDEE5243873FC007555FA /* struct.swift */,
				4ABEDEE1243863CF007555FA /* CharacterView.swift */,
				4A982B66244326F200B41B39 /* Music.swift */,
				4ABEDEE92438CEB2007555FA /* CharacterRowView.swift */,
				4ABEDEEF243AC9B2007555FA /* EpisodeRowView.swift */,
				4ABEDEE724388185007555FA /* CharDetailView.swift */,
				4ABEDEF1243AC9EB007555FA /* EpisodeDetailView.swift */,
				4ABEDED324385BC4007555FA /* Assets.xcassets */,
				4ABEDED824385BC4007555FA /* LaunchScreen.storyboard */,
				4ABEDEDB24385BC4007555FA /* Info.plist */,
				4ABEDED524385BC4007555FA /* Preview Content */,
			);
			path = IOS_work2;
			sourceTree = "<group>";
		};
		4ABEDED524385BC4007555FA /* Preview Content */ = {
			isa = PBXGroup;
			children = (
				4ABEDED624385BC4007555FA /* Preview Assets.xcassets */,
			);
			path = "Preview Content";
			sourceTree = "<group>";
		};
/* End PBXGroup section */

/* Begin PBXNativeTarget section */
		4ABEDEC924385BC2007555FA /* IOS_work2 */ = {
			isa = PBXNativeTarget;
			buildConfigurationList = 4ABEDEDE24385BC4007555FA /* Build configuration list for PBXNativeTarget "IOS_work2" */;
			buildPhases = (
				4ABEDEC624385BC2007555FA /* Sources */,
				4ABEDEC724385BC2007555FA /* Frameworks */,
				4ABEDEC824385BC2007555FA /* Resources */,
			);
			buildRules = (
			);
			dependencies = (
			);
			name = IOS_work2;
			productName = IOS_work2;
			productReference = 4ABEDECA24385BC2007555FA /* ItaewonClass.app */;
			productType = "com.apple.product-type.application";
		};
/* End PBXNativeTarget section */

/* Begin PBXProject section */
		4ABEDEC224385BC2007555FA /* Project object */ = {
			isa = PBXProject;
			attributes = {
				LastSwiftUpdateCheck = 1140;
				LastUpgradeCheck = 1140;
				ORGANIZATIONNAME = "王瑋";
				TargetAttributes = {
					4ABEDEC924385BC2007555FA = {
						CreatedOnToolsVersion = 11.4;
					};
				};
			};
			buildConfigurationList = 4ABEDEC524385BC2007555FA /* Build configuration list for PBXProject "IOS_work2" */;
			compatibilityVersion = "Xcode 9.3";
			developmentRegion = en;
			hasScannedForEncodings = 0;
			knownRegions = (
				en,
				Base,
			);
			mainGroup = 4ABEDEC124385BC2007555FA;
			productRefGroup = 4ABEDECB24385BC2007555FA /* Products */;
			projectDirPath = "";
			projectRoot = "";
			targets = (
				4ABEDEC924385BC2007555FA /* IOS_work2 */,
			);
		};
/* End PBXProject section */

/* Begin PBXResourcesBuildPhase section */
		4ABEDEC824385BC2007555FA /* Resources */ = {
			isa = PBXResourcesBuildPhase;
			buildActionMask = 2147483647;
			files = (
				4ABEDEDA24385BC4007555FA /* LaunchScreen.storyboard in Resources */,
				4A982B692443279900B41B39 /* OST Itaewon Class (Full album Part1_13) 이태원 클라쓰 OST.mp3 in Resources */,
				4ABEDED724385BC4007555FA /* Preview Assets.xcassets in Resources */,
				4A374FAE2444012200CCFCCC /* YuppyTC-Regular.otf in Resources */,
				4ABEDED424385BC4007555FA /* Assets.xcassets in Resources */,
			);
			runOnlyForDeploymentPostprocessing = 0;
		};
/* End PBXResourcesBuildPhase section */

/* Begin PBXSourcesBuildPhase section */
		4ABEDEC624385BC2007555FA /* Sources */ = {
			isa = PBXSourcesBuildPhase;
			buildActionMask = 2147483647;
			files = (
				4ABEDECE24385BC2007555FA /* AppDelegate.swift in Sources */,
				4A982B67244326F200B41B39 /* Music.swift in Sources */,
				4ABEDEEC243AC4B3007555FA /* EpisodeView.swift in Sources */,
				4ABEDEF0243AC9B2007555FA /* EpisodeRowView.swift in Sources */,
				4ABEDEEA2438CEB2007555FA /* CharacterRowView.swift in Sources */,
				4ABEDEE6243873FC007555FA /* struct.swift in Sources */,
				4ABEDED024385BC2007555FA /* SceneDelegate.swift in Sources */,
				4ABEDEE2243863CF007555FA /* CharacterView.swift in Sources */,
				4ABEDEE4243865EE007555FA /* AppView.swift in Sources */,
				4ABEDEE824388185007555FA /* CharDetailView.swift in Sources */,
				4ABEDEF2243AC9EB007555FA /* EpisodeDetailView.swift in Sources */,
				4ABEDED224385BC2007555FA /* ContentView.swift in Sources */,
				4ABEDEEE243AC4F8007555FA /* StillsWallView.swift in Sources */,
			);
			runOnlyForDeploymentPostprocessing = 0;
		};
/* End PBXSourcesBuildPhase section */

/* Begin PBXVariantGroup section */
		4ABEDED824385BC4007555FA /* LaunchScreen.storyboard */ = {
			isa = PBXVariantGroup;
			children = (
				4ABEDED924385BC4007555FA /* Base */,
			);
			name = LaunchScreen.storyboard;
			sourceTree = "<group>";
		};
/* End PBXVariantGroup section */

/* Begin XCBuildConfiguration section */
		4ABEDEDC24385BC4007555FA /* Debug */ = {
			isa = XCBuildConfiguration;
			buildSettings = {
				ALWAYS_SEARCH_USER_PATHS = NO;
				CLANG_ANALYZER_NONNULL = YES;
				CLANG_ANALYZER_NUMBER_OBJECT_CONVERSION = YES_AGGRESSIVE;
				CLANG_CXX_LANGUAGE_STANDARD = "gnu++14";
				CLANG_CXX_LIBRARY = "libc++";
				CLANG_ENABLE_MODULES = YES;
				CLANG_ENABLE_OBJC_ARC = YES;
				CLANG_ENABLE_OBJC_WEAK = YES;
				CLANG_WARN_BLOCK_CAPTURE_AUTORELEASING = YES;
				CLANG_WARN_BOOL_CONVERSION = YES;
				CLANG_WARN_COMMA = YES;
				CLANG_WARN_CONSTANT_CONVERSION = YES;
				CLANG_WARN_DEPRECATED_OBJC_IMPLEMENTATIONS = YES;
				CLANG_WARN_DIRECT_OBJC_ISA_USAGE = YES_ERROR;
				CLANG_WARN_DOCUMENTATION_COMMENTS = YES;
				CLANG_WARN_EMPTY_BODY = YES;
				CLANG_WARN_ENUM_CONVERSION = YES;
				CLANG_WARN_INFINITE_RECURSION = YES;
				CLANG_WARN_INT_CONVERSION = YES;
				CLANG_WARN_NON_LITERAL_NULL_CONVERSION = YES;
				CLANG_WARN_OBJC_IMPLICIT_RETAIN_SELF = YES;
				CLANG_WARN_OBJC_LITERAL_CONVERSION = YES;
				CLANG_WARN_OBJC_ROOT_CLASS = YES_ERROR;
				CLANG_WARN_RANGE_LOOP_ANALYSIS = YES;
				CLANG_WARN_STRICT_PROTOTYPES = YES;
				CLANG_WARN_SUSPICIOUS_MOVE = YES;
				CLANG_WARN_UNGUARDED_AVAILABILITY = YES_AGGRESSIVE;
				CLANG_WARN_UNREACHABLE_CODE = YES;
				CLANG_WARN__DUPLICATE_METHOD_MATCH = YES;
				COPY_PHASE_STRIP = NO;
				DEBUG_INFORMATION_FORMAT = dwarf;
				ENABLE_STRICT_OBJC_MSGSEND = YES;
				ENABLE_TESTABILITY = YES;
				GCC_C_LANGUAGE_STANDARD = gnu11;
				GCC_DYNAMIC_NO_PIC = NO;
				GCC_NO_COMMON_BLOCKS = YES;
				GCC_OPTIMIZATION_LEVEL = 0;
				GCC_PREPROCESSOR_DEFINITIONS = (
					"DEBUG=1",
					"$(inherited)",
				);
				GCC_WARN_64_TO_32_BIT_CONVERSION = YES;
				GCC_WARN_ABOUT_RETURN_TYPE = YES_ERROR;
				GCC_WARN_UNDECLARED_SELECTOR = YES;
				GCC_WARN_UNINITIALIZED_AUTOS = YES_AGGRESSIVE;
				GCC_WARN_UNUSED_FUNCTION = YES;
				GCC_WARN_UNUSED_VARIABLE = YES;
				IPHONEOS_DEPLOYMENT_TARGET = 13.4;
				MTL_ENABLE_DEBUG_INFO = INCLUDE_SOURCE;
				MTL_FAST_MATH = YES;
				ONLY_ACTIVE_ARCH = YES;
				SDKROOT = iphoneos;
				SWIFT_ACTIVE_COMPILATION_CONDITIONS = DEBUG;
				SWIFT_OPTIMIZATION_LEVEL = "-Onone";
			};
			name = Debug;
		};
		4ABEDEDD24385BC4007555FA /* Release */ = {
			isa = XCBuildConfiguration;
			buildSettings = {
				ALWAYS_SEARCH_USER_PATHS = NO;
				CLANG_ANALYZER_NONNULL = YES;
				CLANG_ANALYZER_NUMBER_OBJECT_CONVERSION = YES_AGGRESSIVE;
				CLANG_CXX_LANGUAGE_STANDARD = "gnu++14";
				CLANG_CXX_LIBRARY = "libc++";
				CLANG_ENABLE_MODULES = YES;
				CLANG_ENABLE_OBJC_ARC = YES;
				CLANG_ENABLE_OBJC_WEAK = YES;
				CLANG_WARN_BLOCK_CAPTURE_AUTORELEASING = YES;
				CLANG_WARN_BOOL_CONVERSION = YES;
				CLANG_WARN_COMMA = YES;
				CLANG_WARN_CONSTANT_CONVERSION = YES;
				CLANG_WARN_DEPRECATED_OBJC_IMPLEMENTATIONS = YES;
				CLANG_WARN_DIRECT_OBJC_ISA_USAGE = YES_ERROR;
				CLANG_WARN_DOCUMENTATION_COMMENTS = YES;
				CLANG_WARN_EMPTY_BODY = YES;
				CLANG_WARN_ENUM_CONVERSION = YES;
				CLANG_WARN_INFINITE_RECURSION = YES;
				CLANG_WARN_INT_CONVERSION = YES;
				CLANG_WARN_NON_LITERAL_NULL_CONVERSION = YES;
				CLANG_WARN_OBJC_IMPLICIT_RETAIN_SELF = YES;
				CLANG_WARN_OBJC_LITERAL_CONVERSION = YES;
				CLANG_WARN_OBJC_ROOT_CLASS = YES_ERROR;
				CLANG_WARN_RANGE_LOOP_ANALYSIS = YES;
				CLANG_WARN_STRICT_PROTOTYPES = YES;
				CLANG_WARN_SUSPICIOUS_MOVE = YES;
				CLANG_WARN_UNGUARDED_AVAILABILITY = YES_AGGRESSIVE;
				CLANG_WARN_UNREACHABLE_CODE = YES;
				CLANG_WARN__DUPLICATE_METHOD_MATCH = YES;
				COPY_PHASE_STRIP = NO;
				DEBUG_INFORMATION_FORMAT = "dwarf-with-dsym";
				ENABLE_NS_ASSERTIONS = NO;
				ENABLE_STRICT_OBJC_MSGSEND = YES;
				GCC_C_LANGUAGE_STANDARD = gnu11;
				GCC_NO_COMMON_BLOCKS = YES;
				GCC_WARN_64_TO_32_BIT_CONVERSION = YES;
				GCC_WARN_ABOUT_RETURN_TYPE = YES_ERROR;
				GCC_WARN_UNDECLARED_SELECTOR = YES;
				GCC_WARN_UNINITIALIZED_AUTOS = YES_AGGRESSIVE;
				GCC_WARN_UNUSED_FUNCTION = YES;
				GCC_WARN_UNUSED_VARIABLE = YES;
				IPHONEOS_DEPLOYMENT_TARGET = 13.4;
				MTL_ENABLE_DEBUG_INFO = NO;
				MTL_FAST_MATH = YES;
				SDKROOT = iphoneos;
				SWIFT_COMPILATION_MODE = wholemodule;
				SWIFT_OPTIMIZATION_LEVEL = "-O";
				VALIDATE_PRODUCT = YES;
			};
			name = Release;
		};
		4ABEDEDF24385BC4007555FA /* Debug */ = {
			isa = XCBuildConfiguration;
			buildSettings = {
				ASSETCATALOG_COMPILER_APPICON_NAME = AppIcon;
				CODE_SIGN_ENTITLEMENTS = IOS_work2/IOS_work2.entitlements;
				"CODE_SIGN_IDENTITY[sdk=macosx*]" = "-";
				CODE_SIGN_STYLE = Automatic;
				DEVELOPMENT_ASSET_PATHS = "\"IOS_work2/Preview Content\"";
				DEVELOPMENT_TEAM = 76BRUPGDY8;
				ENABLE_PREVIEWS = YES;
				INFOPLIST_FILE = IOS_work2/Info.plist;
				LD_RUNPATH_SEARCH_PATHS = (
					"$(inherited)",
					"@executable_path/Frameworks",
				);
				PRODUCT_BUNDLE_IDENTIFIER = "NTOUCS.IOS-work2";
				PRODUCT_NAME = ItaewonClass;
				SUPPORTS_MACCATALYST = YES;
				SWIFT_VERSION = 5.0;
				TARGETED_DEVICE_FAMILY = "1,2";
			};
			name = Debug;
		};
		4ABEDEE024385BC4007555FA /* Release */ = {
			isa = XCBuildConfiguration;
			buildSettings = {
				ASSETCATALOG_COMPILER_APPICON_NAME = AppIcon;
				CODE_SIGN_ENTITLEMENTS = IOS_work2/IOS_work2.entitlements;
				"CODE_SIGN_IDENTITY[sdk=macosx*]" = "-";
				CODE_SIGN_STYLE = Automatic;
				DEVELOPMENT_ASSET_PATHS = "\"IOS_work2/Preview Content\"";
				DEVELOPMENT_TEAM = 76BRUPGDY8;
				ENABLE_PREVIEWS = YES;
				INFOPLIST_FILE = IOS_work2/Info.plist;
				LD_RUNPATH_SEARCH_PATHS = (
					"$(inherited)",
					"@executable_path/Frameworks",
				);
				PRODUCT_BUNDLE_IDENTIFIER = "NTOUCS.IOS-work2";
				PRODUCT_NAME = ItaewonClass;
				SUPPORTS_MACCATALYST = YES;
				SWIFT_VERSION = 5.0;
				TARGETED_DEVICE_FAMILY = "1,2";
			};
			name = Release;
		};
/* End XCBuildConfiguration section */

/* Begin XCConfigurationList section */
		4ABEDEC524385BC2007555FA /* Build configuration list for PBXProject "IOS_work2" */ = {
			isa = XCConfigurationList;
			buildConfigurations = (
				4ABEDEDC24385BC4007555FA /* Debug */,
				4ABEDEDD24385BC4007555FA /* Release */,
			);
			defaultConfigurationIsVisible = 0;
			defaultConfigurationName = Release;
		};
		4ABEDEDE24385BC4007555FA /* Build configuration list for PBXNativeTarget "IOS_work2" */ = {
			isa = XCConfigurationList;
			buildConfigurations = (
				4ABEDEDF24385BC4007555FA /* Debug */,
				4ABEDEE024385BC4007555FA /* Release */,
			);
			defaultConfigurationIsVisible = 0;
			defaultConfigurationName = Release;
		};
/* End XCConfigurationList section */
	};
	rootObject = 4ABEDEC224385BC2007555FA /* Project object */;
}
